github.com/rohanthewiz/assert v0.1.2 h1:coi0nUTAuqgpxoa7THQynDnBKUzV9Bid+tNaocUkCYE=
github.com/rohanthewiz/assert v0.1.2/go.mod h1:Xix0OMMRN0aGkE207Wk5GJk0eWlpcNGph0+kYpuq+vQ=
github.com/rohanthewiz/element v0.5.2 h1:MG0Wmpc6HvD+Pg8go2q2lL+pAX5dPaaKnO3uRp3fi6k=
github.com/rohanthewiz/element v0.5.2/go.mod h1:cA57S9UGRSaWrMmGC1M+8QCQw/y8kgODiBB0KEwIyzo=
github.com/rohanthewiz/element v0.5.3-0.20250627111812-59cb8eb1e7d6 h1:VYTLBDRqz3/IIkSmpOKwM66q1M3h0OLkpr54Rb5EQy0=
github.com/rohanthewiz/element v0.5.3-0.20250627111812-59cb8eb1e7d6/go.mod h1:cA57S9UGRSaWrMmGC1M+8QCQw/y8kgODiBB0KEwIyzo=
github.com/rohanthewiz/element v0.5.4 h1:GuUkF8/y39opotrVYrfrnygCAVVpyF/aPXyKNJKZnd0=
github.com/rohanthewiz/element v0.5.4/go.mod h1:cA57S9UGRSaWrMmGC1M+8QCQw/y8kgODiBB0KEwIyzo=
github.com/rohanthewiz/serr v1.2.4 h1:cW2IrPvNfE89BxfW+NwvrgtbLqacz4LG1DLw54mOn/Q=
github.com/rohanthewiz/serr v1.2.4/go.mod h1:WYBghPccoTAUknotbanGZzWnIFREXYI5ULwf5sjznxY=
github.com/rohanthewiz/serr v1.2.6 h1:SPbafQqQuowkHvOdMNnktcOQ3jgNd2JQUEIC04iNhSA=
github.com/rohanthewiz/serr v1.2.6/go.mod h1:WYBghPccoTAUknotbanGZzWnIFREXYI5ULwf5sjznxY=
