github.com/rohanthewiz/element v0.5.4 h1:GuUkF8/y39opotrVYrfrnygCAVVpyF/aPXyKNJKZnd0=
github.com/rohanthewiz/element v0.5.4/go.mod h1:cA57S9UGRSaWrMmGC1M+8QCQw/y8kgODiBB0KEwIyzo=
github.com/rohanthewiz/rweb v0.1.14 h1:wmUT0Ae9EC0y0xoOvioYlhdVp6cvZWKtwKeVL+0Fs68=
github.com/rohanthewiz/rweb v0.1.14/go.mod h1:Ye+1p+Emvyp3TvpmqPWUrTaLWPBbsc4F5gvfI4dz2CI=
github.com/rohanthewiz/rweb v0.1.15-0.20250627103250-2193106caf44 h1:rH18Baa7fc8p9IihJXUJv2re5vvwuLLBKPiA1dOUrtM=
github.com/rohanthewiz/rweb v0.1.15-0.20250627103250-2193106caf44/go.mod h1:Ye+1p+Emvyp3TvpmqPWUrTaLWPBbsc4F5gvfI4dz2CI=
github.com/rohanthewiz/rweb v0.1.18 h1:M/gUn4oykrmEHzFO/4FOczPI0cy42MS8G/+VsZIzAVQ=
github.com/rohanthewiz/rweb v0.1.18/go.mod h1:SdkvSM89cA18qlEm6oh8o7CpKaOCWgdNBzPeiF6I/As=
github.com/rohanthewiz/rweb v0.1.19-0.20250724033211-0709f777d0de h1:FQzMNtb9hsckkHY4TFf4VlXVL+l4a/bEWT1V191a/xw=
github.com/rohanthewiz/rweb v0.1.19-0.20250724033211-0709f777d0de/go.mod h1:SdkvSM89cA18qlEm6oh8o7CpKaOCWgdNBzPeiF6I/As=
github.com/rohanthewiz/serr v1.2.16 h1:NDV7yhoHVkZMMSKrJzxysZHUcS7vo3QU88D2B7MHGio=
github.com/rohanthewiz/serr v1.2.16/go.mod h1:WYBghPccoTAUknotbanGZzWnIFREXYI5ULwf5sjznxY=
